{
  "nodes": {
    "home-manager": {
      "inputs": {
        "nixpkgs": [
          "nixpkgs"
        ]
      },
      "locked": {
        "lastModified": 1704980875,
        "narHash": "sha256-IPZmMjk5f4TBbEpzUFBc3OC1W6OwDNEXk2w/0uVXX1o=",
        "owner": "nix-community",
        "repo": "home-manager",
        "rev": "5f0ab0eedc6ede69beb8f45561ffefa54edc6e65",
        "type": "github"
      },
      "original": {
        "owner": "nix-community",
        "ref": "release-23.11",
        "repo": "home-manager",
        "type": "github"
      }
    },
    "nixpkgs": {
      "locked": {
        "lastModified": 1705488716,
        "narHash": "sha256-WW6pe/UFAPfnQ7dNTDY8mp7VYjZiBGAelHGNSy3kG4s=",
        "owner": "NixOS",
        "repo": "nixpkgs",
        "rev": "123b528b1115dc4b132498e16a327e433c32ac60",
        "type": "github"
      },
      "original": {
        "id": "nixpkgs",
        "ref": "release-23.11",
        "type": "indirect"
      }
    },
    "nixpkgs-unstable": {
      "locked": {
        "lastModified": 1705403940,
        "narHash": "sha256-bl7E3w35Bleiexg01WsN0RuAQEL23HaQeNBC2zjt+9w=",
        "owner": "NixOS",
        "repo": "nixpkgs",
        "rev": "f0326542989e1bdac955ad6269b334a8da4b0c95",
        "type": "github"
      },
      "original": {
        "id": "nixpkgs",
        "ref": "nixpkgs-unstable",
        "type": "indirect"
      }
    },
    "root": {
      "inputs": {
        "home-manager": "home-manager",
        "nixpkgs": "nixpkgs",
        "nixpkgs-unstable": "nixpkgs-unstable"
      }
    }
  },
  "root": "root",
  "version": 7
}
