{
  "nodes": {
    "home-manager": {
      "inputs": {
        "nixpkgs": [
          "nixpkgs"
        ]
      },
      "locked": {
        "lastModified": 1705708511,
        "narHash": "sha256-3f4BkRY70Fj7yvuo87c4QQPAjnt571g2wJ50jY7hnYc=",
        "owner": "nix-community",
        "repo": "home-manager",
        "rev": "ce4b88c465d928f4f8b75d0920f1788d5b65ca94",
        "type": "github"
      },
      "original": {
        "owner": "nix-community",
        "repo": "home-manager",
        "type": "github"
      }
    },
    "nixpkgs": {
      "locked": {
        "lastModified": 1705488716,
        "narHash": "sha256-WW6pe/UFAPfnQ7dNTDY8mp7VYjZiBGAelHGNSy3kG4s=",
        "owner": "NixOS",
        "repo": "nixpkgs",
        "rev": "123b528b1115dc4b132498e16a327e433c32ac60",
        "type": "github"
      },
      "original": {
        "id": "nixpkgs",
        "ref": "release-23.11",
        "type": "indirect"
      }
    },
    "nixpkgs-unstable": {
      "locked": {
        "lastModified": 1705403940,
        "narHash": "sha256-bl7E3w35Bleiexg01WsN0RuAQEL23HaQeNBC2zjt+9w=",
        "owner": "NixOS",
        "repo": "nixpkgs",
        "rev": "f0326542989e1bdac955ad6269b334a8da4b0c95",
        "type": "github"
      },
      "original": {
        "id": "nixpkgs",
        "ref": "nixpkgs-unstable",
        "type": "indirect"
      }
    },
    "root": {
      "inputs": {
        "home-manager": "home-manager",
        "nixpkgs": "nixpkgs",
        "nixpkgs-unstable": "nixpkgs-unstable"
      }
    }
  },
  "root": "root",
  "version": 7
}
